// !$*UTF8*$!
{
	archiveVersion = 1;
	classes = {
	};
	objectVersion = 77;
	objects = {

/* Begin PBXBuildFile section */
		0A0E598D2DC5AF440077A5B2 /* Home in Frameworks */ = {isa = PBXBuildFile; productRef = 0A0E598C2DC5AF440077A5B2 /* Home */; };
		0A0E598F2DC5AF4D0077A5B2 /* Market in Frameworks */ = {isa = PBXBuildFile; productRef = 0A0E598E2DC5AF4D0077A5B2 /* Market */; };
		0A0E59912DC5AF540077A5B2 /* Wallet in Frameworks */ = {isa = PBXBuildFile; productRef = 0A0E59902DC5AF540077A5B2 /* Wallet */; };
		0A2704B42D9CE94600C5455D /* Design in Frameworks */ = {isa = PBXBuildFile; productRef = 0A2704B32D9CE94600C5455D /* Design */; };
		0A8108662DCC7148007C74EB /* Factory in Frameworks */ = {isa = PBXBuildFile; productRef = 0A8108652DCC7148007C74EB /* Factory */; };
		0AA3D8172E06D15E00AAB0A3 /* Tests.xctestplan in Resources */ = {isa = PBXBuildFile; fileRef = 0AA3D8162E06D15E00AAB0A3 /* Tests.xctestplan */; };
		0AD38C8A2DC0C32200B1FB6E /* Auth in Frameworks */ = {isa = PBXBuildFile; productRef = 0AD38C892DC0C32200B1FB6E /* Auth */; };
/* End PBXBuildFile section */

/* Begin PBXContainerItemProxy section */
		0A1448642E06CCC600866E0B /* PBXContainerItemProxy */ = {
			isa = PBXContainerItemProxy;
			containerPortal = 0A2613CA2D968B8800170662 /* Project object */;
			proxyType = 1;
			remoteGlobalIDString = 0A2613D12D968B8800170662;
			remoteInfo = HKEx;
		};
/* End PBXContainerItemProxy section */

/* Begin PBXFileReference section */
		0A1448602E06CCC600866E0B /* HKExTests.xctest */ = {isa = PBXFileReference; explicitFileType = wrapper.cfbundle; includeInIndex = 0; path = HKExTests.xctest; sourceTree = BUILT_PRODUCTS_DIR; };
		0A2613D22D968B8800170662 /* HKEx.app */ = {isa = PBXFileReference; explicitFileType = wrapper.application; includeInIndex = 0; path = HKEx.app; sourceTree = BUILT_PRODUCTS_DIR; };
		0AA3D8162E06D15E00AAB0A3 /* Tests.xctestplan */ = {isa = PBXFileReference; lastKnownFileType = text; path = Tests.xctestplan; sourceTree = "<group>"; };
/* End PBXFileReference section */

/* Begin PBXFileSystemSynchronizedBuildFileExceptionSet section */
		0A8B560B2D9CDCE9000DCD0D /* Exceptions for "Packages" folder in "HKEx" target */ = {
			isa = PBXFileSystemSynchronizedBuildFileExceptionSet;
			membershipExceptions = (
				Auth,
				Design,
				Home,
				Market,
				Wallet,
			);
			target = 0A2613D12D968B8800170662 /* HKEx */;
		};
/* End PBXFileSystemSynchronizedBuildFileExceptionSet section */

/* Begin PBXFileSystemSynchronizedRootGroup section */
		0A1448612E06CCC600866E0B /* HKExTests */ = {
			isa = PBXFileSystemSynchronizedRootGroup;
			path = HKExTests;
			sourceTree = "<group>";
		};
		0A2613D42D968B8800170662 /* HKEx */ = {
			isa = PBXFileSystemSynchronizedRootGroup;
			path = HKEx;
			sourceTree = "<group>";
		};
		0A8B55F12D9CDC5E000DCD0D /* Packages */ = {
			isa = PBXFileSystemSynchronizedRootGroup;
			exceptions = (
				0A8B560B2D9CDCE9000DCD0D /* Exceptions for "Packages" folder in "HKEx" target */,
			);
			path = Packages;
			sourceTree = "<group>";
		};
/* End PBXFileSystemSynchronizedRootGroup section */

/* Begin PBXFrameworksBuildPhase section */
		0A14485D2E06CCC600866E0B /* Frameworks */ = {
			isa = PBXFrameworksBuildPhase;
			buildActionMask = 2147483647;
			files = (
			);
			runOnlyForDeploymentPostprocessing = 0;
		};
		0A2613CF2D968B8800170662 /* Frameworks */ = {
			isa = PBXFrameworksBuildPhase;
			buildActionMask = 2147483647;
			files = (
				0A0E59912DC5AF540077A5B2 /* Wallet in Frameworks */,
				0A2704B42D9CE94600C5455D /* Design in Frameworks */,
				0AD38C8A2DC0C32200B1FB6E /* Auth in Frameworks */,
				0A8108662DCC7148007C74EB /* Factory in Frameworks */,
				0A0E598F2DC5AF4D0077A5B2 /* Market in Frameworks */,
				0A0E598D2DC5AF440077A5B2 /* Home in Frameworks */,
			);
			runOnlyForDeploymentPostprocessing = 0;
		};
/* End PBXFrameworksBuildPhase section */

/* Begin PBXGroup section */
		0A2613C92D968B8800170662 = {
			isa = PBXGroup;
			children = (
				0AA3D8162E06D15E00AAB0A3 /* Tests.xctestplan */,
				0A2613D42D968B8800170662 /* HKEx */,
				0A8B55F12D9CDC5E000DCD0D /* Packages */,
				0A1448612E06CCC600866E0B /* HKExTests */,
				0A2704B02D9CE94100C5455D /* Frameworks */,
				0A2613D32D968B8800170662 /* Products */,
			);
			sourceTree = "<group>";
		};
		0A2613D32D968B8800170662 /* Products */ = {
			isa = PBXGroup;
			children = (
				0A2613D22D968B8800170662 /* HKEx.app */,
				0A1448602E06CCC600866E0B /* HKExTests.xctest */,
			);
			name = Products;
			sourceTree = "<group>";
		};
		0A2704B02D9CE94100C5455D /* Frameworks */ = {
			isa = PBXGroup;
			children = (
			);
			name = Frameworks;
			sourceTree = "<group>";
		};
/* End PBXGroup section */

/* Begin PBXNativeTarget section */
		0A14485F2E06CCC600866E0B /* HKExTests */ = {
			isa = PBXNativeTarget;
			buildConfigurationList = 0A1448682E06CCC600866E0B /* Build configuration list for PBXNativeTarget "HKExTests" */;
			buildPhases = (
				0A14485C2E06CCC600866E0B /* Sources */,
				0A14485D2E06CCC600866E0B /* Frameworks */,
				0A14485E2E06CCC600866E0B /* Resources */,
			);
			buildRules = (
			);
			dependencies = (
				0A1448652E06CCC600866E0B /* PBXTargetDependency */,
			);
			fileSystemSynchronizedGroups = (
				0A1448612E06CCC600866E0B /* HKExTests */,
			);
			name = HKExTests;
			packageProductDependencies = (
			);
			productName = HKExTests;
			productReference = 0A1448602E06CCC600866E0B /* HKExTests.xctest */;
			productType = "com.apple.product-type.bundle.unit-test";
		};
		0A2613D12D968B8800170662 /* HKEx */ = {
			isa = PBXNativeTarget;
			buildConfigurationList = 0A2613E02D968B8900170662 /* Build configuration list for PBXNativeTarget "HKEx" */;
			buildPhases = (
				0A2613CE2D968B8800170662 /* Sources */,
				0A2613CF2D968B8800170662 /* Frameworks */,
				0A2613D02D968B8800170662 /* Resources */,
			);
			buildRules = (
			);
			dependencies = (
				0A45CA832DCCDBCD00BC4D66 /* PBXTargetDependency */,
			);
			fileSystemSynchronizedGroups = (
				0A2613D42D968B8800170662 /* HKEx */,
				0A8B55F12D9CDC5E000DCD0D /* Packages */,
			);
			name = HKEx;
			packageProductDependencies = (
				0A2704B32D9CE94600C5455D /* Design */,
				0AD38C892DC0C32200B1FB6E /* Auth */,
				0A0E598C2DC5AF440077A5B2 /* Home */,
				0A0E598E2DC5AF4D0077A5B2 /* Market */,
				0A0E59902DC5AF540077A5B2 /* Wallet */,
				0A8108652DCC7148007C74EB /* Factory */,
			);
			productName = HKEx;
			productReference = 0A2613D22D968B8800170662 /* HKEx.app */;
			productType = "com.apple.product-type.application";
		};
/* End PBXNativeTarget section */

/* Begin PBXProject section */
		0A2613CA2D968B8800170662 /* Project object */ = {
			isa = PBXProject;
			attributes = {
				BuildIndependentTargetsInParallel = 1;
				LastSwiftUpdateCheck = 1630;
				LastUpgradeCheck = 1630;
				TargetAttributes = {
					0A14485F2E06CCC600866E0B = {
						CreatedOnToolsVersion = 16.3;
						TestTargetID = 0A2613D12D968B8800170662;
					};
					0A2613D12D968B8800170662 = {
						CreatedOnToolsVersion = 16.0;
					};
				};
			};
			buildConfigurationList = 0A2613CD2D968B8800170662 /* Build configuration list for PBXProject "HKEx" */;
			developmentRegion = en;
			hasScannedForEncodings = 0;
			knownRegions = (
				en,
				Base,
				fr,
			);
			mainGroup = 0A2613C92D968B8800170662;
			minimizedProjectReferenceProxies = 1;
			packageReferences = (
				0A8108642DCC7148007C74EB /* XCRemoteSwiftPackageReference "Factory" */,
				0A45CA812DCCDB6C00BC4D66 /* XCRemoteSwiftPackageReference "SwiftLintPlugins" */,
			);
			preferredProjectObjectVersion = 77;
			productRefGroup = 0A2613D32D968B8800170662 /* Products */;
			projectDirPath = "";
			projectRoot = "";
			targets = (
				0A2613D12D968B8800170662 /* HKEx */,
				0A14485F2E06CCC600866E0B /* HKExTests */,
			);
		};
/* End PBXProject section */

/* Begin PBXResourcesBuildPhase section */
		0A14485E2E06CCC600866E0B /* Resources */ = {
			isa = PBXResourcesBuildPhase;
			buildActionMask = 2147483647;
			files = (
			);
			runOnlyForDeploymentPostprocessing = 0;
		};
		0A2613D02D968B8800170662 /* Resources */ = {
			isa = PBXResourcesBuildPhase;
			buildActionMask = 2147483647;
			files = (
				0AA3D8172E06D15E00AAB0A3 /* Tests.xctestplan in Resources */,
			);
			runOnlyForDeploymentPostprocessing = 0;
		};
/* End PBXResourcesBuildPhase section */

/* Begin PBXSourcesBuildPhase section */
		0A14485C2E06CCC600866E0B /* Sources */ = {
			isa = PBXSourcesBuildPhase;
			buildActionMask = 2147483647;
			files = (
			);
			runOnlyForDeploymentPostprocessing = 0;
		};
		0A2613CE2D968B8800170662 /* Sources */ = {
			isa = PBXSourcesBuildPhase;
			buildActionMask = 2147483647;
			files = (
			);
			runOnlyForDeploymentPostprocessing = 0;
		};
/* End PBXSourcesBuildPhase section */

/* Begin PBXTargetDependency section */
		0A1448652E06CCC600866E0B /* PBXTargetDependency */ = {
			isa = PBXTargetDependency;
			target = 0A2613D12D968B8800170662 /* HKEx */;
			targetProxy = 0A1448642E06CCC600866E0B /* PBXContainerItemProxy */;
		};
		0A45CA832DCCDBCD00BC4D66 /* PBXTargetDependency */ = {
			isa = PBXTargetDependency;
			productRef = 0A45CA822DCCDBCD00BC4D66 /* SwiftLintBuildToolPlugin */;
		};
/* End PBXTargetDependency section */

/* Begin XCBuildConfiguration section */
		0A1448662E06CCC600866E0B /* Debug */ = {
			isa = XCBuildConfiguration;
			buildSettings = {
				BUNDLE_LOADER = "$(TEST_HOST)";
				CODE_SIGN_STYLE = Automatic;
				CURRENT_PROJECT_VERSION = 1;
				DEVELOPMENT_TEAM = T7VMH8B7B8;
				GENERATE_INFOPLIST_FILE = YES;
				IPHONEOS_DEPLOYMENT_TARGET = 18.4;
				MARKETING_VERSION = 1.0;
				PRODUCT_BUNDLE_IDENTIFIER = local.kevin.HKExTests;
				PRODUCT_NAME = "$(TARGET_NAME)";
				SWIFT_EMIT_LOC_STRINGS = NO;
				SWIFT_VERSION = 5.0;
				TARGETED_DEVICE_FAMILY = "1,2";
				TEST_HOST = "$(BUILT_PRODUCTS_DIR)/HKEx.app/$(BUNDLE_EXECUTABLE_FOLDER_PATH)/HKEx";
			};
			name = Debug;
		};
		0A1448672E06CCC600866E0B /* Release */ = {
			isa = XCBuildConfiguration;
			buildSettings = {
				BUNDLE_LOADER = "$(TEST_HOST)";
				CODE_SIGN_STYLE = Automatic;
				CURRENT_PROJECT_VERSION = 1;
				DEVELOPMENT_TEAM = T7VMH8B7B8;
				GENERATE_INFOPLIST_FILE = YES;
				IPHONEOS_DEPLOYMENT_TARGET = 18.4;
				MARKETING_VERSION = 1.0;
				PRODUCT_BUNDLE_IDENTIFIER = local.kevin.HKExTests;
				PRODUCT_NAME = "$(TARGET_NAME)";
				SWIFT_EMIT_LOC_STRINGS = NO;
				SWIFT_VERSION = 5.0;
				TARGETED_DEVICE_FAMILY = "1,2";
				TEST_HOST = "$(BUILT_PRODUCTS_DIR)/HKEx.app/$(BUNDLE_EXECUTABLE_FOLDER_PATH)/HKEx";
			};
			name = Release;
		};
		0A2613DE2D968B8900170662 /* Debug */ = {
			isa = XCBuildConfiguration;
			buildSettings = {
				ALWAYS_SEARCH_USER_PATHS = NO;
				ASSETCATALOG_COMPILER_GENERATE_SWIFT_ASSET_SYMBOL_EXTENSIONS = YES;
				CLANG_ANALYZER_LOCALIZABILITY_NONLOCALIZED = YES;
				CLANG_ANALYZER_NONNULL = YES;
				CLANG_ANALYZER_NUMBER_OBJECT_CONVERSION = YES_AGGRESSIVE;
				CLANG_CXX_LANGUAGE_STANDARD = "gnu++20";
				CLANG_ENABLE_MODULES = YES;
				CLANG_ENABLE_OBJC_ARC = YES;
				CLANG_ENABLE_OBJC_WEAK = YES;
				CLANG_WARN_BLOCK_CAPTURE_AUTORELEASING = YES;
				CLANG_WARN_BOOL_CONVERSION = YES;
				CLANG_WARN_COMMA = YES;
				CLANG_WARN_CONSTANT_CONVERSION = YES;
				CLANG_WARN_DEPRECATED_OBJC_IMPLEMENTATIONS = YES;
				CLANG_WARN_DIRECT_OBJC_ISA_USAGE = YES_ERROR;
				CLANG_WARN_DOCUMENTATION_COMMENTS = YES;
				CLANG_WARN_EMPTY_BODY = YES;
				CLANG_WARN_ENUM_CONVERSION = YES;
				CLANG_WARN_INFINITE_RECURSION = YES;
				CLANG_WARN_INT_CONVERSION = YES;
				CLANG_WARN_NON_LITERAL_NULL_CONVERSION = YES;
				CLANG_WARN_OBJC_IMPLICIT_RETAIN_SELF = YES;
				CLANG_WARN_OBJC_LITERAL_CONVERSION = YES;
				CLANG_WARN_OBJC_ROOT_CLASS = YES_ERROR;
				CLANG_WARN_QUOTED_INCLUDE_IN_FRAMEWORK_HEADER = YES;
				CLANG_WARN_RANGE_LOOP_ANALYSIS = YES;
				CLANG_WARN_STRICT_PROTOTYPES = YES;
				CLANG_WARN_SUSPICIOUS_MOVE = YES;
				CLANG_WARN_UNGUARDED_AVAILABILITY = YES_AGGRESSIVE;
				CLANG_WARN_UNREACHABLE_CODE = YES;
				CLANG_WARN__DUPLICATE_METHOD_MATCH = YES;
				COPY_PHASE_STRIP = NO;
				DEBUG_INFORMATION_FORMAT = dwarf;
				DEVELOPMENT_TEAM = T7VMH8B7B8;
				ENABLE_STRICT_OBJC_MSGSEND = YES;
				ENABLE_TESTABILITY = YES;
				ENABLE_USER_SCRIPT_SANDBOXING = YES;
				GCC_C_LANGUAGE_STANDARD = gnu17;
				GCC_DYNAMIC_NO_PIC = NO;
				GCC_NO_COMMON_BLOCKS = YES;
				GCC_OPTIMIZATION_LEVEL = 0;
				GCC_PREPROCESSOR_DEFINITIONS = (
					"DEBUG=1",
					"$(inherited)",
				);
				GCC_WARN_64_TO_32_BIT_CONVERSION = YES;
				GCC_WARN_ABOUT_RETURN_TYPE = YES_ERROR;
				GCC_WARN_UNDECLARED_SELECTOR = YES;
				GCC_WARN_UNINITIALIZED_AUTOS = YES_AGGRESSIVE;
				GCC_WARN_UNUSED_FUNCTION = YES;
				GCC_WARN_UNUSED_VARIABLE = YES;
				IPHONEOS_DEPLOYMENT_TARGET = 18.0;
				LOCALIZATION_PREFERS_STRING_CATALOGS = YES;
				MTL_ENABLE_DEBUG_INFO = INCLUDE_SOURCE;
				MTL_FAST_MATH = YES;
				ONLY_ACTIVE_ARCH = YES;
				SDKROOT = iphoneos;
				SWIFT_ACTIVE_COMPILATION_CONDITIONS = "DEBUG $(inherited)";
				SWIFT_EMIT_LOC_STRINGS = YES;
				SWIFT_OPTIMIZATION_LEVEL = "-Onone";
			};
			name = Debug;
		};
		0A2613DF2D968B8900170662 /* Release */ = {
			isa = XCBuildConfiguration;
			buildSettings = {
				ALWAYS_SEARCH_USER_PATHS = NO;
				ASSETCATALOG_COMPILER_GENERATE_SWIFT_ASSET_SYMBOL_EXTENSIONS = YES;
				CLANG_ANALYZER_LOCALIZABILITY_NONLOCALIZED = YES;
				CLANG_ANALYZER_NONNULL = YES;
				CLANG_ANALYZER_NUMBER_OBJECT_CONVERSION = YES_AGGRESSIVE;
				CLANG_CXX_LANGUAGE_STANDARD = "gnu++20";
				CLANG_ENABLE_MODULES = YES;
				CLANG_ENABLE_OBJC_ARC = YES;
				CLANG_ENABLE_OBJC_WEAK = YES;
				CLANG_WARN_BLOCK_CAPTURE_AUTORELEASING = YES;
				CLANG_WARN_BOOL_CONVERSION = YES;
				CLANG_WARN_COMMA = YES;
				CLANG_WARN_CONSTANT_CONVERSION = YES;
				CLANG_WARN_DEPRECATED_OBJC_IMPLEMENTATIONS = YES;
				CLANG_WARN_DIRECT_OBJC_ISA_USAGE = YES_ERROR;
				CLANG_WARN_DOCUMENTATION_COMMENTS = YES;
				CLANG_WARN_EMPTY_BODY = YES;
				CLANG_WARN_ENUM_CONVERSION = YES;
				CLANG_WARN_INFINITE_RECURSION = YES;
				CLANG_WARN_INT_CONVERSION = YES;
				CLANG_WARN_NON_LITERAL_NULL_CONVERSION = YES;
				CLANG_WARN_OBJC_IMPLICIT_RETAIN_SELF = YES;
				CLANG_WARN_OBJC_LITERAL_CONVERSION = YES;
				CLANG_WARN_OBJC_ROOT_CLASS = YES_ERROR;
				CLANG_WARN_QUOTED_INCLUDE_IN_FRAMEWORK_HEADER = YES;
				CLANG_WARN_RANGE_LOOP_ANALYSIS = YES;
				CLANG_WARN_STRICT_PROTOTYPES = YES;
				CLANG_WARN_SUSPICIOUS_MOVE = YES;
				CLANG_WARN_UNGUARDED_AVAILABILITY = YES_AGGRESSIVE;
				CLANG_WARN_UNREACHABLE_CODE = YES;
				CLANG_WARN__DUPLICATE_METHOD_MATCH = YES;
				COPY_PHASE_STRIP = NO;
				DEBUG_INFORMATION_FORMAT = "dwarf-with-dsym";
				DEVELOPMENT_TEAM = T7VMH8B7B8;
				ENABLE_NS_ASSERTIONS = NO;
				ENABLE_STRICT_OBJC_MSGSEND = YES;
				ENABLE_USER_SCRIPT_SANDBOXING = YES;
				GCC_C_LANGUAGE_STANDARD = gnu17;
				GCC_NO_COMMON_BLOCKS = YES;
				GCC_WARN_64_TO_32_BIT_CONVERSION = YES;
				GCC_WARN_ABOUT_RETURN_TYPE = YES_ERROR;
				GCC_WARN_UNDECLARED_SELECTOR = YES;
				GCC_WARN_UNINITIALIZED_AUTOS = YES_AGGRESSIVE;
				GCC_WARN_UNUSED_FUNCTION = YES;
				GCC_WARN_UNUSED_VARIABLE = YES;
				IPHONEOS_DEPLOYMENT_TARGET = 18.0;
				LOCALIZATION_PREFERS_STRING_CATALOGS = YES;
				MTL_ENABLE_DEBUG_INFO = NO;
				MTL_FAST_MATH = YES;
				SDKROOT = iphoneos;
				SWIFT_COMPILATION_MODE = wholemodule;
				SWIFT_EMIT_LOC_STRINGS = YES;
				VALIDATE_PRODUCT = YES;
			};
			name = Release;
		};
		0A2613E12D968B8900170662 /* Debug */ = {
			isa = XCBuildConfiguration;
			buildSettings = {
				ASSETCATALOG_COMPILER_APPICON_NAME = AppIcon;
				ASSETCATALOG_COMPILER_GLOBAL_ACCENT_COLOR_NAME = AccentColor;
				CODE_SIGN_STYLE = Automatic;
				CURRENT_PROJECT_VERSION = 1;
				DEVELOPMENT_ASSET_PATHS = "\"HKEx/Preview Content\"";
				ENABLE_PREVIEWS = YES;
				GENERATE_INFOPLIST_FILE = YES;
				INFOPLIST_KEY_UIApplicationSceneManifest_Generation = YES;
				INFOPLIST_KEY_UIApplicationSupportsIndirectInputEvents = YES;
				INFOPLIST_KEY_UILaunchScreen_Generation = YES;
				INFOPLIST_KEY_UISupportedInterfaceOrientations = UIInterfaceOrientationPortrait;
				INFOPLIST_KEY_UISupportedInterfaceOrientations_iPad = "UIInterfaceOrientationLandscapeLeft UIInterfaceOrientationLandscapeRight UIInterfaceOrientationPortrait UIInterfaceOrientationPortraitUpsideDown";
				IPHONEOS_DEPLOYMENT_TARGET = 17.0;
				LD_RUNPATH_SEARCH_PATHS = (
					"$(inherited)",
					"@executable_path/Frameworks",
				);
				MARKETING_VERSION = 1.0;
				PRODUCT_BUNDLE_IDENTIFIER = local.kevin.HKEx;
				PRODUCT_NAME = "$(TARGET_NAME)";
				SWIFT_EMIT_LOC_STRINGS = YES;
				SWIFT_VERSION = 6.0;
				TARGETED_DEVICE_FAMILY = "1,2";
			};
			name = Debug;
		};
		0A2613E22D968B8900170662 /* Release */ = {
			isa = XCBuildConfiguration;
			buildSettings = {
				ASSETCATALOG_COMPILER_APPICON_NAME = AppIcon;
				ASSETCATALOG_COMPILER_GLOBAL_ACCENT_COLOR_NAME = AccentColor;
				CODE_SIGN_STYLE = Automatic;
				CURRENT_PROJECT_VERSION = 1;
				DEVELOPMENT_ASSET_PATHS = "\"HKEx/Preview Content\"";
				ENABLE_PREVIEWS = YES;
				GENERATE_INFOPLIST_FILE = YES;
				INFOPLIST_KEY_UIApplicationSceneManifest_Generation = YES;
				INFOPLIST_KEY_UIApplicationSupportsIndirectInputEvents = YES;
				INFOPLIST_KEY_UILaunchScreen_Generation = YES;
				INFOPLIST_KEY_UISupportedInterfaceOrientations = UIInterfaceOrientationPortrait;
				INFOPLIST_KEY_UISupportedInterfaceOrientations_iPad = "UIInterfaceOrientationLandscapeLeft UIInterfaceOrientationLandscapeRight UIInterfaceOrientationPortrait UIInterfaceOrientationPortraitUpsideDown";
				IPHONEOS_DEPLOYMENT_TARGET = 17.0;
				LD_RUNPATH_SEARCH_PATHS = (
					"$(inherited)",
					"@executable_path/Frameworks",
				);
				MARKETING_VERSION = 1.0;
				PRODUCT_BUNDLE_IDENTIFIER = local.kevin.HKEx;
				PRODUCT_NAME = "$(TARGET_NAME)";
				SWIFT_EMIT_LOC_STRINGS = YES;
				SWIFT_VERSION = 6.0;
				TARGETED_DEVICE_FAMILY = "1,2";
			};
			name = Release;
		};
/* End XCBuildConfiguration section */

/* Begin XCConfigurationList section */
		0A1448682E06CCC600866E0B /* Build configuration list for PBXNativeTarget "HKExTests" */ = {
			isa = XCConfigurationList;
			buildConfigurations = (
				0A1448662E06CCC600866E0B /* Debug */,
				0A1448672E06CCC600866E0B /* Release */,
			);
			defaultConfigurationIsVisible = 0;
			defaultConfigurationName = Release;
		};
		0A2613CD2D968B8800170662 /* Build configuration list for PBXProject "HKEx" */ = {
			isa = XCConfigurationList;
			buildConfigurations = (
				0A2613DE2D968B8900170662 /* Debug */,
				0A2613DF2D968B8900170662 /* Release */,
			);
			defaultConfigurationIsVisible = 0;
			defaultConfigurationName = Release;
		};
		0A2613E02D968B8900170662 /* Build configuration list for PBXNativeTarget "HKEx" */ = {
			isa = XCConfigurationList;
			buildConfigurations = (
				0A2613E12D968B8900170662 /* Debug */,
				0A2613E22D968B8900170662 /* Release */,
			);
			defaultConfigurationIsVisible = 0;
			defaultConfigurationName = Release;
		};
/* End XCConfigurationList section */

/* Begin XCRemoteSwiftPackageReference section */
		0A45CA812DCCDB6C00BC4D66 /* XCRemoteSwiftPackageReference "SwiftLintPlugins" */ = {
			isa = XCRemoteSwiftPackageReference;
			repositoryURL = "https://github.com/SimplyDanny/SwiftLintPlugins.git";
			requirement = {
				kind = upToNextMajorVersion;
				minimumVersion = 0.59.1;
			};
		};
		0A8108642DCC7148007C74EB /* XCRemoteSwiftPackageReference "Factory" */ = {
			isa = XCRemoteSwiftPackageReference;
			repositoryURL = "https://github.com/hmlongco/Factory.git";
			requirement = {
				kind = upToNextMajorVersion;
				minimumVersion = 2.4.3;
			};
		};
/* End XCRemoteSwiftPackageReference section */

/* Begin XCSwiftPackageProductDependency section */
		0A0E598C2DC5AF440077A5B2 /* Home */ = {
			isa = XCSwiftPackageProductDependency;
			productName = Home;
		};
		0A0E598E2DC5AF4D0077A5B2 /* Market */ = {
			isa = XCSwiftPackageProductDependency;
			productName = Market;
		};
		0A0E59902DC5AF540077A5B2 /* Wallet */ = {
			isa = XCSwiftPackageProductDependency;
			productName = Wallet;
		};
		0A2704B32D9CE94600C5455D /* Design */ = {
			isa = XCSwiftPackageProductDependency;
			productName = Design;
		};
		0A45CA822DCCDBCD00BC4D66 /* SwiftLintBuildToolPlugin */ = {
			isa = XCSwiftPackageProductDependency;
			package = 0A45CA812DCCDB6C00BC4D66 /* XCRemoteSwiftPackageReference "SwiftLintPlugins" */;
			productName = "plugin:SwiftLintBuildToolPlugin";
		};
		0A8108652DCC7148007C74EB /* Factory */ = {
			isa = XCSwiftPackageProductDependency;
			package = 0A8108642DCC7148007C74EB /* XCRemoteSwiftPackageReference "Factory" */;
			productName = Factory;
		};
		0AD38C892DC0C32200B1FB6E /* Auth */ = {
			isa = XCSwiftPackageProductDependency;
			productName = Auth;
		};
/* End XCSwiftPackageProductDependency section */
	};
	rootObject = 0A2613CA2D968B8800170662 /* Project object */;
}
